
Microsoft Visual Studio Solution File, Format Version 12.00
# Visual Studio 14
VisualStudioVersion = 14.0.24720.0
MinimumVisualStudioVersion = 10.0.40219.1
Project("{FAE04EC0-301F-11D3-BF4B-00C04F79EFBC}") = "ATM application", "ATM application\ATM application.csproj", "{272043E9-7171-4F45-8ACF-CE62DD753C7F}"
EndProject
Project("{FAE04EC0-301F-11D3-BF4B-00C04F79EFBC}") = "Account class", "Account class\Account class.csproj", "{22984D89-E71E-4953-BD87-1249C43383EE}"
EndProject
Global
	GlobalSection(SolutionConfigurationPlatforms) = preSolution
		Debug|Any CPU = Debug|Any CPU
		Release|Any CPU = Release|Any CPU
	EndGlobalSection
	GlobalSection(ProjectConfigurationPlatforms) = postSolution
		{272043E9-7171-4F45-8ACF-CE62DD753C7F}.Debug|Any CPU.ActiveCfg = Debug|Any CPU
		{272043E9-7171-4F45-8ACF-CE62DD753C7F}.Debug|Any CPU.Build.0 = Debug|Any CPU
		{272043E9-7171-4F45-8ACF-CE62DD753C7F}.Release|Any CPU.ActiveCfg = Release|Any CPU
		{272043E9-7171-4F45-8ACF-CE62DD753C7F}.Release|Any CPU.Build.0 = Release|Any CPU
		{22984D89-E71E-4953-BD87-1249C43383EE}.Debug|Any CPU.ActiveCfg = Debug|Any CPU
		{22984D89-E71E-4953-BD87-1249C43383EE}.Debug|Any CPU.Build.0 = Debug|Any CPU
		{22984D89-E71E-4953-BD87-1249C43383EE}.Release|Any CPU.ActiveCfg = Release|Any CPU
		{22984D89-E71E-4953-BD87-1249C43383EE}.Release|Any CPU.Build.0 = Release|Any CPU
	EndGlobalSection
	GlobalSection(SolutionProperties) = preSolution
		HideSolutionNode = FALSE
	EndGlobalSection
EndGlobal
